// !$*UTF8*$!
{
	archiveVersion = 1;
	classes = {
	};
	objectVersion = 56;
	objects = {

/* Begin PBXBuildFile section */
		82EFAEC129B0DD6800C274E3 /* Service.swift in Sources */ = {isa = PBXBuildFile; fileRef = 82EFAEC029B0DD6800C274E3 /* Service.swift */; };
		82EFAEC429B0E22500C274E3 /* ImageURL.swift in Sources */ = {isa = PBXBuildFile; fileRef = 82EFAEC329B0E22500C274E3 /* ImageURL.swift */; };
		AB8837CD29AD936400B0E20C /* AppDelegate.swift in Sources */ = {isa = PBXBuildFile; fileRef = AB8837CC29AD936400B0E20C /* AppDelegate.swift */; };
		AB8837CF29AD936400B0E20C /* SceneDelegate.swift in Sources */ = {isa = PBXBuildFile; fileRef = AB8837CE29AD936400B0E20C /* SceneDelegate.swift */; };
		AB8837D129AD936400B0E20C /* ViewController.swift in Sources */ = {isa = PBXBuildFile; fileRef = AB8837D029AD936400B0E20C /* ViewController.swift */; };
		AB8837D629AD936500B0E20C /* Assets.xcassets in Resources */ = {isa = PBXBuildFile; fileRef = AB8837D529AD936500B0E20C /* Assets.xcassets */; };
		AB8837E429AD936500B0E20C /* ImageDownloadTests.swift in Sources */ = {isa = PBXBuildFile; fileRef = AB8837E329AD936500B0E20C /* ImageDownloadTests.swift */; };
		AB8837EE29AD936500B0E20C /* ImageDownloadUITests.swift in Sources */ = {isa = PBXBuildFile; fileRef = AB8837ED29AD936500B0E20C /* ImageDownloadUITests.swift */; };
		AB8837F029AD936500B0E20C /* ImageDownloadUITestsLaunchTests.swift in Sources */ = {isa = PBXBuildFile; fileRef = AB8837EF29AD936500B0E20C /* ImageDownloadUITestsLaunchTests.swift */; };
		AB8837FD29AD94A500B0E20C /* MainViewComponents.swift in Sources */ = {isa = PBXBuildFile; fileRef = AB8837FC29AD94A500B0E20C /* MainViewComponents.swift */; };
/* End PBXBuildFile section */

/* Begin PBXContainerItemProxy section */
		AB8837E029AD936500B0E20C /* PBXContainerItemProxy */ = {
			isa = PBXContainerItemProxy;
			containerPortal = AB8837C129AD936400B0E20C /* Project object */;
			proxyType = 1;
			remoteGlobalIDString = AB8837C829AD936400B0E20C;
			remoteInfo = ImageDownload;
		};
		AB8837EA29AD936500B0E20C /* PBXContainerItemProxy */ = {
			isa = PBXContainerItemProxy;
			containerPortal = AB8837C129AD936400B0E20C /* Project object */;
			proxyType = 1;
			remoteGlobalIDString = AB8837C829AD936400B0E20C;
			remoteInfo = ImageDownload;
		};
/* End PBXContainerItemProxy section */

/* Begin PBXFileReference section */
		82EFAEC029B0DD6800C274E3 /* Service.swift */ = {isa = PBXFileReference; lastKnownFileType = sourcecode.swift; path = Service.swift; sourceTree = "<group>"; };
		82EFAEC329B0E22500C274E3 /* ImageURL.swift */ = {isa = PBXFileReference; lastKnownFileType = sourcecode.swift; path = ImageURL.swift; sourceTree = "<group>"; };
		AB8837C929AD936400B0E20C /* ImageDownload.app */ = {isa = PBXFileReference; explicitFileType = wrapper.application; includeInIndex = 0; path = ImageDownload.app; sourceTree = BUILT_PRODUCTS_DIR; };
		AB8837CC29AD936400B0E20C /* AppDelegate.swift */ = {isa = PBXFileReference; lastKnownFileType = sourcecode.swift; path = AppDelegate.swift; sourceTree = "<group>"; };
		AB8837CE29AD936400B0E20C /* SceneDelegate.swift */ = {isa = PBXFileReference; lastKnownFileType = sourcecode.swift; path = SceneDelegate.swift; sourceTree = "<group>"; };
		AB8837D029AD936400B0E20C /* ViewController.swift */ = {isa = PBXFileReference; lastKnownFileType = sourcecode.swift; path = ViewController.swift; sourceTree = "<group>"; };
		AB8837D529AD936500B0E20C /* Assets.xcassets */ = {isa = PBXFileReference; lastKnownFileType = folder.assetcatalog; path = Assets.xcassets; sourceTree = "<group>"; };
		AB8837DA29AD936500B0E20C /* Info.plist */ = {isa = PBXFileReference; lastKnownFileType = text.plist.xml; path = Info.plist; sourceTree = "<group>"; };
		AB8837DF29AD936500B0E20C /* ImageDownloadTests.xctest */ = {isa = PBXFileReference; explicitFileType = wrapper.cfbundle; includeInIndex = 0; path = ImageDownloadTests.xctest; sourceTree = BUILT_PRODUCTS_DIR; };
		AB8837E329AD936500B0E20C /* ImageDownloadTests.swift */ = {isa = PBXFileReference; lastKnownFileType = sourcecode.swift; path = ImageDownloadTests.swift; sourceTree = "<group>"; };
		AB8837E929AD936500B0E20C /* ImageDownloadUITests.xctest */ = {isa = PBXFileReference; explicitFileType = wrapper.cfbundle; includeInIndex = 0; path = ImageDownloadUITests.xctest; sourceTree = BUILT_PRODUCTS_DIR; };
		AB8837ED29AD936500B0E20C /* ImageDownloadUITests.swift */ = {isa = PBXFileReference; lastKnownFileType = sourcecode.swift; path = ImageDownloadUITests.swift; sourceTree = "<group>"; };
		AB8837EF29AD936500B0E20C /* ImageDownloadUITestsLaunchTests.swift */ = {isa = PBXFileReference; lastKnownFileType = sourcecode.swift; path = ImageDownloadUITestsLaunchTests.swift; sourceTree = "<group>"; };
		AB8837FC29AD94A500B0E20C /* MainViewComponents.swift */ = {isa = PBXFileReference; lastKnownFileType = sourcecode.swift; path = MainViewComponents.swift; sourceTree = "<group>"; };
/* End PBXFileReference section */

/* Begin PBXFrameworksBuildPhase section */
		AB8837C629AD936400B0E20C /* Frameworks */ = {
			isa = PBXFrameworksBuildPhase;
			buildActionMask = 2147483647;
			files = (
			);
			runOnlyForDeploymentPostprocessing = 0;
		};
		AB8837DC29AD936500B0E20C /* Frameworks */ = {
			isa = PBXFrameworksBuildPhase;
			buildActionMask = 2147483647;
			files = (
			);
			runOnlyForDeploymentPostprocessing = 0;
		};
		AB8837E629AD936500B0E20C /* Frameworks */ = {
			isa = PBXFrameworksBuildPhase;
			buildActionMask = 2147483647;
			files = (
			);
			runOnlyForDeploymentPostprocessing = 0;
		};
/* End PBXFrameworksBuildPhase section */

/* Begin PBXGroup section */
		AB8837C029AD936400B0E20C = {
			isa = PBXGroup;
			children = (
				AB8837CB29AD936400B0E20C /* ImageDownload */,
				AB8837E229AD936500B0E20C /* ImageDownloadTests */,
				AB8837EC29AD936500B0E20C /* ImageDownloadUITests */,
				AB8837CA29AD936400B0E20C /* Products */,
			);
			sourceTree = "<group>";
		};
		AB8837CA29AD936400B0E20C /* Products */ = {
			isa = PBXGroup;
			children = (
				AB8837C929AD936400B0E20C /* ImageDownload.app */,
				AB8837DF29AD936500B0E20C /* ImageDownloadTests.xctest */,
				AB8837E929AD936500B0E20C /* ImageDownloadUITests.xctest */,
			);
			name = Products;
			sourceTree = "<group>";
		};
		AB8837CB29AD936400B0E20C /* ImageDownload */ = {
			isa = PBXGroup;
			children = (
				AB8837CC29AD936400B0E20C /* AppDelegate.swift */,
				AB8837CE29AD936400B0E20C /* SceneDelegate.swift */,
				AB8837D029AD936400B0E20C /* ViewController.swift */,
				AB8837D529AD936500B0E20C /* Assets.xcassets */,
				AB8837DA29AD936500B0E20C /* Info.plist */,
				AB8837FC29AD94A500B0E20C /* MainViewComponents.swift */,
				82EFAEC029B0DD6800C274E3 /* Service.swift */,
				82EFAEC329B0E22500C274E3 /* ImageURL.swift */,
			);
			path = ImageDownload;
			sourceTree = "<group>";
		};
		AB8837E229AD936500B0E20C /* ImageDownloadTests */ = {
			isa = PBXGroup;
			children = (
				AB8837E329AD936500B0E20C /* ImageDownloadTests.swift */,
			);
			path = ImageDownloadTests;
			sourceTree = "<group>";
		};
		AB8837EC29AD936500B0E20C /* ImageDownloadUITests */ = {
			isa = PBXGroup;
			children = (
				AB8837ED29AD936500B0E20C /* ImageDownloadUITests.swift */,
				AB8837EF29AD936500B0E20C /* ImageDownloadUITestsLaunchTests.swift */,
			);
			path = ImageDownloadUITests;
			sourceTree = "<group>";
		};
/* End PBXGroup section */

/* Begin PBXNativeTarget section */
		AB8837C829AD936400B0E20C /* ImageDownload */ = {
			isa = PBXNativeTarget;
			buildConfigurationList = AB8837F329AD936500B0E20C /* Build configuration list for PBXNativeTarget "ImageDownload" */;
			buildPhases = (
				AB8837C529AD936400B0E20C /* Sources */,
				AB8837C629AD936400B0E20C /* Frameworks */,
				AB8837C729AD936400B0E20C /* Resources */,
			);
			buildRules = (
			);
			dependencies = (
			);
			name = ImageDownload;
			productName = ImageDownload;
			productReference = AB8837C929AD936400B0E20C /* ImageDownload.app */;
			productType = "com.apple.product-type.application";
		};
		AB8837DE29AD936500B0E20C /* ImageDownloadTests */ = {
			isa = PBXNativeTarget;
			buildConfigurationList = AB8837F629AD936500B0E20C /* Build configuration list for PBXNativeTarget "ImageDownloadTests" */;
			buildPhases = (
				AB8837DB29AD936500B0E20C /* Sources */,
				AB8837DC29AD936500B0E20C /* Frameworks */,
				AB8837DD29AD936500B0E20C /* Resources */,
			);
			buildRules = (
			);
			dependencies = (
				AB8837E129AD936500B0E20C /* PBXTargetDependency */,
			);
			name = ImageDownloadTests;
			productName = ImageDownloadTests;
			productReference = AB8837DF29AD936500B0E20C /* ImageDownloadTests.xctest */;
			productType = "com.apple.product-type.bundle.unit-test";
		};
		AB8837E829AD936500B0E20C /* ImageDownloadUITests */ = {
			isa = PBXNativeTarget;
			buildConfigurationList = AB8837F929AD936500B0E20C /* Build configuration list for PBXNativeTarget "ImageDownloadUITests" */;
			buildPhases = (
				AB8837E529AD936500B0E20C /* Sources */,
				AB8837E629AD936500B0E20C /* Frameworks */,
				AB8837E729AD936500B0E20C /* Resources */,
			);
			buildRules = (
			);
			dependencies = (
				AB8837EB29AD936500B0E20C /* PBXTargetDependency */,
			);
			name = ImageDownloadUITests;
			productName = ImageDownloadUITests;
			productReference = AB8837E929AD936500B0E20C /* ImageDownloadUITests.xctest */;
			productType = "com.apple.product-type.bundle.ui-testing";
		};
/* End PBXNativeTarget section */

/* Begin PBXProject section */
		AB8837C129AD936400B0E20C /* Project object */ = {
			isa = PBXProject;
			attributes = {
				BuildIndependentTargetsInParallel = 1;
				LastSwiftUpdateCheck = 1410;
				LastUpgradeCheck = 1410;
				TargetAttributes = {
					AB8837C829AD936400B0E20C = {
						CreatedOnToolsVersion = 14.1;
					};
					AB8837DE29AD936500B0E20C = {
						CreatedOnToolsVersion = 14.1;
						TestTargetID = AB8837C829AD936400B0E20C;
					};
					AB8837E829AD936500B0E20C = {
						CreatedOnToolsVersion = 14.1;
						TestTargetID = AB8837C829AD936400B0E20C;
					};
				};
			};
			buildConfigurationList = AB8837C429AD936400B0E20C /* Build configuration list for PBXProject "ImageDownload" */;
			compatibilityVersion = "Xcode 14.0";
			developmentRegion = en;
			hasScannedForEncodings = 0;
			knownRegions = (
				en,
				Base,
			);
			mainGroup = AB8837C029AD936400B0E20C;
			productRefGroup = AB8837CA29AD936400B0E20C /* Products */;
			projectDirPath = "";
			projectRoot = "";
			targets = (
				AB8837C829AD936400B0E20C /* ImageDownload */,
				AB8837DE29AD936500B0E20C /* ImageDownloadTests */,
				AB8837E829AD936500B0E20C /* ImageDownloadUITests */,
			);
		};
/* End PBXProject section */

/* Begin PBXResourcesBuildPhase section */
		AB8837C729AD936400B0E20C /* Resources */ = {
			isa = PBXResourcesBuildPhase;
			buildActionMask = 2147483647;
			files = (
				AB8837D629AD936500B0E20C /* Assets.xcassets in Resources */,
			);
			runOnlyForDeploymentPostprocessing = 0;
		};
		AB8837DD29AD936500B0E20C /* Resources */ = {
			isa = PBXResourcesBuildPhase;
			buildActionMask = 2147483647;
			files = (
			);
			runOnlyForDeploymentPostprocessing = 0;
		};
		AB8837E729AD936500B0E20C /* Resources */ = {
			isa = PBXResourcesBuildPhase;
			buildActionMask = 2147483647;
			files = (
			);
			runOnlyForDeploymentPostprocessing = 0;
		};
/* End PBXResourcesBuildPhase section */

/* Begin PBXSourcesBuildPhase section */
		AB8837C529AD936400B0E20C /* Sources */ = {
			isa = PBXSourcesBuildPhase;
			buildActionMask = 2147483647;
			files = (
				AB8837D129AD936400B0E20C /* ViewController.swift in Sources */,
				AB8837FD29AD94A500B0E20C /* MainViewComponents.swift in Sources */,
				82EFAEC129B0DD6800C274E3 /* Service.swift in Sources */,
				82EFAEC429B0E22500C274E3 /* ImageURL.swift in Sources */,
				AB8837CD29AD936400B0E20C /* AppDelegate.swift in Sources */,
				AB8837CF29AD936400B0E20C /* SceneDelegate.swift in Sources */,
			);
			runOnlyForDeploymentPostprocessing = 0;
		};
		AB8837DB29AD936500B0E20C /* Sources */ = {
			isa = PBXSourcesBuildPhase;
			buildActionMask = 2147483647;
			files = (
				AB8837E429AD936500B0E20C /* ImageDownloadTests.swift in Sources */,
			);
			runOnlyForDeploymentPostprocessing = 0;
		};
		AB8837E529AD936500B0E20C /* Sources */ = {
			isa = PBXSourcesBuildPhase;
			buildActionMask = 2147483647;
			files = (
				AB8837F029AD936500B0E20C /* ImageDownloadUITestsLaunchTests.swift in Sources */,
				AB8837EE29AD936500B0E20C /* ImageDownloadUITests.swift in Sources */,
			);
			runOnlyForDeploymentPostprocessing = 0;
		};
/* End PBXSourcesBuildPhase section */

/* Begin PBXTargetDependency section */
		AB8837E129AD936500B0E20C /* PBXTargetDependency */ = {
			isa = PBXTargetDependency;
			target = AB8837C829AD936400B0E20C /* ImageDownload */;
			targetProxy = AB8837E029AD936500B0E20C /* PBXContainerItemProxy */;
		};
		AB8837EB29AD936500B0E20C /* PBXTargetDependency */ = {
			isa = PBXTargetDependency;
			target = AB8837C829AD936400B0E20C /* ImageDownload */;
			targetProxy = AB8837EA29AD936500B0E20C /* PBXContainerItemProxy */;
		};
/* End PBXTargetDependency section */

/* Begin XCBuildConfiguration section */
		AB8837F129AD936500B0E20C /* Debug */ = {
			isa = XCBuildConfiguration;
			buildSettings = {
				ALWAYS_SEARCH_USER_PATHS = NO;
				CLANG_ANALYZER_NONNULL = YES;
				CLANG_ANALYZER_NUMBER_OBJECT_CONVERSION = YES_AGGRESSIVE;
				CLANG_CXX_LANGUAGE_STANDARD = "gnu++20";
				CLANG_ENABLE_MODULES = YES;
				CLANG_ENABLE_OBJC_ARC = YES;
				CLANG_ENABLE_OBJC_WEAK = YES;
				CLANG_WARN_BLOCK_CAPTURE_AUTORELEASING = YES;
				CLANG_WARN_BOOL_CONVERSION = YES;
				CLANG_WARN_COMMA = YES;
				CLANG_WARN_CONSTANT_CONVERSION = YES;
				CLANG_WARN_DEPRECATED_OBJC_IMPLEMENTATIONS = YES;
				CLANG_WARN_DIRECT_OBJC_ISA_USAGE = YES_ERROR;
				CLANG_WARN_DOCUMENTATION_COMMENTS = YES;
				CLANG_WARN_EMPTY_BODY = YES;
				CLANG_WARN_ENUM_CONVERSION = YES;
				CLANG_WARN_INFINITE_RECURSION = YES;
				CLANG_WARN_INT_CONVERSION = YES;
				CLANG_WARN_NON_LITERAL_NULL_CONVERSION = YES;
				CLANG_WARN_OBJC_IMPLICIT_RETAIN_SELF = YES;
				CLANG_WARN_OBJC_LITERAL_CONVERSION = YES;
				CLANG_WARN_OBJC_ROOT_CLASS = YES_ERROR;
				CLANG_WARN_QUOTED_INCLUDE_IN_FRAMEWORK_HEADER = YES;
				CLANG_WARN_RANGE_LOOP_ANALYSIS = YES;
				CLANG_WARN_STRICT_PROTOTYPES = YES;
				CLANG_WARN_SUSPICIOUS_MOVE = YES;
				CLANG_WARN_UNGUARDED_AVAILABILITY = YES_AGGRESSIVE;
				CLANG_WARN_UNREACHABLE_CODE = YES;
				CLANG_WARN__DUPLICATE_METHOD_MATCH = YES;
				COPY_PHASE_STRIP = NO;
				DEBUG_INFORMATION_FORMAT = dwarf;
				ENABLE_STRICT_OBJC_MSGSEND = YES;
				ENABLE_TESTABILITY = YES;
				GCC_C_LANGUAGE_STANDARD = gnu11;
				GCC_DYNAMIC_NO_PIC = NO;
				GCC_NO_COMMON_BLOCKS = YES;
				GCC_OPTIMIZATION_LEVEL = 0;
				GCC_PREPROCESSOR_DEFINITIONS = (
					"DEBUG=1",
					"$(inherited)",
				);
				GCC_WARN_64_TO_32_BIT_CONVERSION = YES;
				GCC_WARN_ABOUT_RETURN_TYPE = YES_ERROR;
				GCC_WARN_UNDECLARED_SELECTOR = YES;
				GCC_WARN_UNINITIALIZED_AUTOS = YES_AGGRESSIVE;
				GCC_WARN_UNUSED_FUNCTION = YES;
				GCC_WARN_UNUSED_VARIABLE = YES;
				IPHONEOS_DEPLOYMENT_TARGET = 13.0;
				MTL_ENABLE_DEBUG_INFO = INCLUDE_SOURCE;
				MTL_FAST_MATH = YES;
				ONLY_ACTIVE_ARCH = YES;
				SDKROOT = iphoneos;
				SWIFT_ACTIVE_COMPILATION_CONDITIONS = DEBUG;
				SWIFT_OPTIMIZATION_LEVEL = "-Onone";
			};
			name = Debug;
		};
		AB8837F229AD936500B0E20C /* Release */ = {
			isa = XCBuildConfiguration;
			buildSettings = {
				ALWAYS_SEARCH_USER_PATHS = NO;
				CLANG_ANALYZER_NONNULL = YES;
				CLANG_ANALYZER_NUMBER_OBJECT_CONVERSION = YES_AGGRESSIVE;
				CLANG_CXX_LANGUAGE_STANDARD = "gnu++20";
				CLANG_ENABLE_MODULES = YES;
				CLANG_ENABLE_OBJC_ARC = YES;
				CLANG_ENABLE_OBJC_WEAK = YES;
				CLANG_WARN_BLOCK_CAPTURE_AUTORELEASING = YES;
				CLANG_WARN_BOOL_CONVERSION = YES;
				CLANG_WARN_COMMA = YES;
				CLANG_WARN_CONSTANT_CONVERSION = YES;
				CLANG_WARN_DEPRECATED_OBJC_IMPLEMENTATIONS = YES;
				CLANG_WARN_DIRECT_OBJC_ISA_USAGE = YES_ERROR;
				CLANG_WARN_DOCUMENTATION_COMMENTS = YES;
				CLANG_WARN_EMPTY_BODY = YES;
				CLANG_WARN_ENUM_CONVERSION = YES;
				CLANG_WARN_INFINITE_RECURSION = YES;
				CLANG_WARN_INT_CONVERSION = YES;
				CLANG_WARN_NON_LITERAL_NULL_CONVERSION = YES;
				CLANG_WARN_OBJC_IMPLICIT_RETAIN_SELF = YES;
				CLANG_WARN_OBJC_LITERAL_CONVERSION = YES;
				CLANG_WARN_OBJC_ROOT_CLASS = YES_ERROR;
				CLANG_WARN_QUOTED_INCLUDE_IN_FRAMEWORK_HEADER = YES;
				CLANG_WARN_RANGE_LOOP_ANALYSIS = YES;
				CLANG_WARN_STRICT_PROTOTYPES = YES;
				CLANG_WARN_SUSPICIOUS_MOVE = YES;
				CLANG_WARN_UNGUARDED_AVAILABILITY = YES_AGGRESSIVE;
				CLANG_WARN_UNREACHABLE_CODE = YES;
				CLANG_WARN__DUPLICATE_METHOD_MATCH = YES;
				COPY_PHASE_STRIP = NO;
				DEBUG_INFORMATION_FORMAT = "dwarf-with-dsym";
				ENABLE_NS_ASSERTIONS = NO;
				ENABLE_STRICT_OBJC_MSGSEND = YES;
				GCC_C_LANGUAGE_STANDARD = gnu11;
				GCC_NO_COMMON_BLOCKS = YES;
				GCC_WARN_64_TO_32_BIT_CONVERSION = YES;
				GCC_WARN_ABOUT_RETURN_TYPE = YES_ERROR;
				GCC_WARN_UNDECLARED_SELECTOR = YES;
				GCC_WARN_UNINITIALIZED_AUTOS = YES_AGGRESSIVE;
				GCC_WARN_UNUSED_FUNCTION = YES;
				GCC_WARN_UNUSED_VARIABLE = YES;
				IPHONEOS_DEPLOYMENT_TARGET = 13.0;
				MTL_ENABLE_DEBUG_INFO = NO;
				MTL_FAST_MATH = YES;
				SDKROOT = iphoneos;
				SWIFT_COMPILATION_MODE = wholemodule;
				SWIFT_OPTIMIZATION_LEVEL = "-O";
				VALIDATE_PRODUCT = YES;
			};
			name = Release;
		};
		AB8837F429AD936500B0E20C /* Debug */ = {
			isa = XCBuildConfiguration;
			buildSettings = {
				ASSETCATALOG_COMPILER_APPICON_NAME = AppIcon;
				ASSETCATALOG_COMPILER_GLOBAL_ACCENT_COLOR_NAME = AccentColor;
				CODE_SIGN_STYLE = Automatic;
				CURRENT_PROJECT_VERSION = 1;
				DEVELOPMENT_TEAM = TA9B4FGCP9;
				GENERATE_INFOPLIST_FILE = YES;
				INFOPLIST_FILE = ImageDownload/Info.plist;
				INFOPLIST_KEY_UIApplicationSupportsIndirectInputEvents = YES;
				INFOPLIST_KEY_UILaunchStoryboardName = LaunchScreen;
				INFOPLIST_KEY_UIMainStoryboardFile = "";
				INFOPLIST_KEY_UISupportedInterfaceOrientations = UIInterfaceOrientationPortrait;
				LD_RUNPATH_SEARCH_PATHS = (
					"$(inherited)",
					"@executable_path/Frameworks",
				);
				MARKETING_VERSION = 1.0;
				PRODUCT_BUNDLE_IDENTIFIER = com.private.ImageDownload;
				PRODUCT_NAME = "$(TARGET_NAME)";
				SWIFT_EMIT_LOC_STRINGS = YES;
				SWIFT_VERSION = 5.0;
				TARGETED_DEVICE_FAMILY = "1,2";
			};
			name = Debug;
		};
		AB8837F529AD936500B0E20C /* Release */ = {
			isa = XCBuildConfiguration;
			buildSettings = {
				ASSETCATALOG_COMPILER_APPICON_NAME = AppIcon;
				ASSETCATALOG_COMPILER_GLOBAL_ACCENT_COLOR_NAME = AccentColor;
				CODE_SIGN_STYLE = Automatic;
				CURRENT_PROJECT_VERSION = 1;
				DEVELOPMENT_TEAM = TA9B4FGCP9;
				GENERATE_INFOPLIST_FILE = YES;
				INFOPLIST_FILE = ImageDownload/Info.plist;
				INFOPLIST_KEY_UIApplicationSupportsIndirectInputEvents = YES;
				INFOPLIST_KEY_UILaunchStoryboardName = LaunchScreen;
				INFOPLIST_KEY_UIMainStoryboardFile = "";
				INFOPLIST_KEY_UISupportedInterfaceOrientations = UIInterfaceOrientationPortrait;
				LD_RUNPATH_SEARCH_PATHS = (
					"$(inherited)",
					"@executable_path/Frameworks",
				);
				MARKETING_VERSION = 1.0;
				PRODUCT_BUNDLE_IDENTIFIER = com.private.ImageDownload;
				PRODUCT_NAME = "$(TARGET_NAME)";
				SWIFT_EMIT_LOC_STRINGS = YES;
				SWIFT_VERSION = 5.0;
				TARGETED_DEVICE_FAMILY = "1,2";
			};
			name = Release;
		};
		AB8837F729AD936500B0E20C /* Debug */ = {
			isa = XCBuildConfiguration;
			buildSettings = {
				ALWAYS_EMBED_SWIFT_STANDARD_LIBRARIES = YES;
				BUNDLE_LOADER = "$(TEST_HOST)";
				CODE_SIGN_STYLE = Automatic;
				CURRENT_PROJECT_VERSION = 1;
				DEVELOPMENT_TEAM = TA9B4FGCP9;
				GENERATE_INFOPLIST_FILE = YES;
				IPHONEOS_DEPLOYMENT_TARGET = 12.0;
				MARKETING_VERSION = 1.0;
				PRODUCT_BUNDLE_IDENTIFIER = com.private.ImageDownloadTests;
				PRODUCT_NAME = "$(TARGET_NAME)";
				SWIFT_EMIT_LOC_STRINGS = NO;
				SWIFT_VERSION = 5.0;
				TARGETED_DEVICE_FAMILY = "1,2";
				TEST_HOST = "$(BUILT_PRODUCTS_DIR)/ImageDownload.app/$(BUNDLE_EXECUTABLE_FOLDER_PATH)/ImageDownload";
			};
			name = Debug;
		};
		AB8837F829AD936500B0E20C /* Release */ = {
			isa = XCBuildConfiguration;
			buildSettings = {
				ALWAYS_EMBED_SWIFT_STANDARD_LIBRARIES = YES;
				BUNDLE_LOADER = "$(TEST_HOST)";
				CODE_SIGN_STYLE = Automatic;
				CURRENT_PROJECT_VERSION = 1;
				DEVELOPMENT_TEAM = TA9B4FGCP9;
				GENERATE_INFOPLIST_FILE = YES;
				IPHONEOS_DEPLOYMENT_TARGET = 12.0;
				MARKETING_VERSION = 1.0;
				PRODUCT_BUNDLE_IDENTIFIER = com.private.ImageDownloadTests;
				PRODUCT_NAME = "$(TARGET_NAME)";
				SWIFT_EMIT_LOC_STRINGS = NO;
				SWIFT_VERSION = 5.0;
				TARGETED_DEVICE_FAMILY = "1,2";
				TEST_HOST = "$(BUILT_PRODUCTS_DIR)/ImageDownload.app/$(BUNDLE_EXECUTABLE_FOLDER_PATH)/ImageDownload";
			};
			name = Release;
		};
		AB8837FA29AD936500B0E20C /* Debug */ = {
			isa = XCBuildConfiguration;
			buildSettings = {
				ALWAYS_EMBED_SWIFT_STANDARD_LIBRARIES = YES;
				CODE_SIGN_STYLE = Automatic;
				CURRENT_PROJECT_VERSION = 1;
				DEVELOPMENT_TEAM = TA9B4FGCP9;
				GENERATE_INFOPLIST_FILE = YES;
				MARKETING_VERSION = 1.0;
				PRODUCT_BUNDLE_IDENTIFIER = com.private.ImageDownloadUITests;
				PRODUCT_NAME = "$(TARGET_NAME)";
				SWIFT_EMIT_LOC_STRINGS = NO;
				SWIFT_VERSION = 5.0;
				TARGETED_DEVICE_FAMILY = "1,2";
				TEST_TARGET_NAME = ImageDownload;
			};
			name = Debug;
		};
		AB8837FB29AD936500B0E20C /* Release */ = {
			isa = XCBuildConfiguration;
			buildSettings = {
				ALWAYS_EMBED_SWIFT_STANDARD_LIBRARIES = YES;
				CODE_SIGN_STYLE = Automatic;
				CURRENT_PROJECT_VERSION = 1;
				DEVELOPMENT_TEAM = TA9B4FGCP9;
				GENERATE_INFOPLIST_FILE = YES;
				MARKETING_VERSION = 1.0;
				PRODUCT_BUNDLE_IDENTIFIER = com.private.ImageDownloadUITests;
				PRODUCT_NAME = "$(TARGET_NAME)";
				SWIFT_EMIT_LOC_STRINGS = NO;
				SWIFT_VERSION = 5.0;
				TARGETED_DEVICE_FAMILY = "1,2";
				TEST_TARGET_NAME = ImageDownload;
			};
			name = Release;
		};
/* End XCBuildConfiguration section */

/* Begin XCConfigurationList section */
		AB8837C429AD936400B0E20C /* Build configuration list for PBXProject "ImageDownload" */ = {
			isa = XCConfigurationList;
			buildConfigurations = (
				AB8837F129AD936500B0E20C /* Debug */,
				AB8837F229AD936500B0E20C /* Release */,
			);
			defaultConfigurationIsVisible = 0;
			defaultConfigurationName = Release;
		};
		AB8837F329AD936500B0E20C /* Build configuration list for PBXNativeTarget "ImageDownload" */ = {
			isa = XCConfigurationList;
			buildConfigurations = (
				AB8837F429AD936500B0E20C /* Debug */,
				AB8837F529AD936500B0E20C /* Release */,
			);
			defaultConfigurationIsVisible = 0;
			defaultConfigurationName = Release;
		};
		AB8837F629AD936500B0E20C /* Build configuration list for PBXNativeTarget "ImageDownloadTests" */ = {
			isa = XCConfigurationList;
			buildConfigurations = (
				AB8837F729AD936500B0E20C /* Debug */,
				AB8837F829AD936500B0E20C /* Release */,
			);
			defaultConfigurationIsVisible = 0;
			defaultConfigurationName = Release;
		};
		AB8837F929AD936500B0E20C /* Build configuration list for PBXNativeTarget "ImageDownloadUITests" */ = {
			isa = XCConfigurationList;
			buildConfigurations = (
				AB8837FA29AD936500B0E20C /* Debug */,
				AB8837FB29AD936500B0E20C /* Release */,
			);
			defaultConfigurationIsVisible = 0;
			defaultConfigurationName = Release;
		};
/* End XCConfigurationList section */
	};
	rootObject = AB8837C129AD936400B0E20C /* Project object */;
}
